
Microsoft Visual Studio Solution File, Format Version 12.00
# Visual Studio Version 16
VisualStudioVersion = 16.0.30611.23
MinimumVisualStudioVersion = 10.0.40219.1
Project("{FAE04EC0-301F-11D3-BF4B-00C04F79EFBC}") = "CodeforceA", "CodeforceA\CodeforceA.csproj", "{B87432FE-B5C3-4C7E-A875-1B246F679CCE}"
EndProject
Global
	GlobalSection(SolutionConfigurationPlatforms) = preSolution
		Debug|Any CPU = Debug|Any CPU
		Release|Any CPU = Release|Any CPU
	EndGlobalSection
	GlobalSection(ProjectConfigurationPlatforms) = postSolution
		{B87432FE-B5C3-4C7E-A875-1B246F679CCE}.Debug|Any CPU.ActiveCfg = Debug|Any CPU
		{B87432FE-B5C3-4C7E-A875-1B246F679CCE}.Debug|Any CPU.Build.0 = Debug|Any CPU
		{B87432FE-B5C3-4C7E-A875-1B246F679CCE}.Release|Any CPU.ActiveCfg = Release|Any CPU
		{B87432FE-B5C3-4C7E-A875-1B246F679CCE}.Release|Any CPU.Build.0 = Release|Any CPU
	EndGlobalSection
	GlobalSection(SolutionProperties) = preSolution
		HideSolutionNode = FALSE
	EndGlobalSection
	GlobalSection(ExtensibilityGlobals) = postSolution
		SolutionGuid = {B84DCBA3-C5E0-4829-823C-47984F3EB3BB}
	EndGlobalSection
EndGlobal
