
Microsoft Visual Studio Solution File, Format Version 12.00
# Visual Studio Version 16
VisualStudioVersion = 16.0.30611.23
MinimumVisualStudioVersion = 10.0.40219.1
Project("{FAE04EC0-301F-11D3-BF4B-00C04F79EFBC}") = "codeforce_1199B", "codeforce_1199B\codeforce_1199B.csproj", "{37EF53BD-9AA5-4DB6-89D4-715FD72083AB}"
EndProject
Global
	GlobalSection(SolutionConfigurationPlatforms) = preSolution
		Debug|Any CPU = Debug|Any CPU
		Release|Any CPU = Release|Any CPU
	EndGlobalSection
	GlobalSection(ProjectConfigurationPlatforms) = postSolution
		{37EF53BD-9AA5-4DB6-89D4-715FD72083AB}.Debug|Any CPU.ActiveCfg = Debug|Any CPU
		{37EF53BD-9AA5-4DB6-89D4-715FD72083AB}.Debug|Any CPU.Build.0 = Debug|Any CPU
		{37EF53BD-9AA5-4DB6-89D4-715FD72083AB}.Release|Any CPU.ActiveCfg = Release|Any CPU
		{37EF53BD-9AA5-4DB6-89D4-715FD72083AB}.Release|Any CPU.Build.0 = Release|Any CPU
	EndGlobalSection
	GlobalSection(SolutionProperties) = preSolution
		HideSolutionNode = FALSE
	EndGlobalSection
	GlobalSection(ExtensibilityGlobals) = postSolution
		SolutionGuid = {769DA283-E2A4-4288-A26C-9C4AB438A367}
	EndGlobalSection
EndGlobal
