
Microsoft Visual Studio Solution File, Format Version 12.00
# Visual Studio Version 16
VisualStudioVersion = 16.0.30611.23
MinimumVisualStudioVersion = 10.0.40219.1
Project("{FAE04EC0-301F-11D3-BF4B-00C04F79EFBC}") = "ThirdProgram", "ThirdProgram\ThirdProgram.csproj", "{7A7D5BC8-0EFD-4345-B59C-B92CD62D3458}"
EndProject
Global
	GlobalSection(SolutionConfigurationPlatforms) = preSolution
		Debug|Any CPU = Debug|Any CPU
		Release|Any CPU = Release|Any CPU
	EndGlobalSection
	GlobalSection(ProjectConfigurationPlatforms) = postSolution
		{7A7D5BC8-0EFD-4345-B59C-B92CD62D3458}.Debug|Any CPU.ActiveCfg = Debug|Any CPU
		{7A7D5BC8-0EFD-4345-B59C-B92CD62D3458}.Debug|Any CPU.Build.0 = Debug|Any CPU
		{7A7D5BC8-0EFD-4345-B59C-B92CD62D3458}.Release|Any CPU.ActiveCfg = Release|Any CPU
		{7A7D5BC8-0EFD-4345-B59C-B92CD62D3458}.Release|Any CPU.Build.0 = Release|Any CPU
	EndGlobalSection
	GlobalSection(SolutionProperties) = preSolution
		HideSolutionNode = FALSE
	EndGlobalSection
	GlobalSection(ExtensibilityGlobals) = postSolution
		SolutionGuid = {236F5CA2-3231-4A95-A0AC-12B31E1D557B}
	EndGlobalSection
EndGlobal
