
Microsoft Visual Studio Solution File, Format Version 12.00
# Visual Studio Version 16
VisualStudioVersion = 16.0.30611.23
MinimumVisualStudioVersion = 10.0.40219.1
Project("{FAE04EC0-301F-11D3-BF4B-00C04F79EFBC}") = "Task1", "Task1\Task1.csproj", "{C3B26545-4995-41CE-B21E-52F8DA15509C}"
EndProject
Global
	GlobalSection(SolutionConfigurationPlatforms) = preSolution
		Debug|Any CPU = Debug|Any CPU
		Release|Any CPU = Release|Any CPU
	EndGlobalSection
	GlobalSection(ProjectConfigurationPlatforms) = postSolution
		{C3B26545-4995-41CE-B21E-52F8DA15509C}.Debug|Any CPU.ActiveCfg = Debug|Any CPU
		{C3B26545-4995-41CE-B21E-52F8DA15509C}.Debug|Any CPU.Build.0 = Debug|Any CPU
		{C3B26545-4995-41CE-B21E-52F8DA15509C}.Release|Any CPU.ActiveCfg = Release|Any CPU
		{C3B26545-4995-41CE-B21E-52F8DA15509C}.Release|Any CPU.Build.0 = Release|Any CPU
	EndGlobalSection
	GlobalSection(SolutionProperties) = preSolution
		HideSolutionNode = FALSE
	EndGlobalSection
	GlobalSection(ExtensibilityGlobals) = postSolution
		SolutionGuid = {2A71F883-5BF9-4A5E-B1DD-68007A65A25D}
	EndGlobalSection
EndGlobal
