
Microsoft Visual Studio Solution File, Format Version 12.00
# Visual Studio Version 16
VisualStudioVersion = 16.0.30611.23
MinimumVisualStudioVersion = 10.0.40219.1
Project("{FAE04EC0-301F-11D3-BF4B-00C04F79EFBC}") = "SwitchStatemnet", "SwitchStatemnet\SwitchStatemnet.csproj", "{A9D851A6-CA91-4F61-B795-1286FABD8697}"
EndProject
Global
	GlobalSection(SolutionConfigurationPlatforms) = preSolution
		Debug|Any CPU = Debug|Any CPU
		Release|Any CPU = Release|Any CPU
	EndGlobalSection
	GlobalSection(ProjectConfigurationPlatforms) = postSolution
		{A9D851A6-CA91-4F61-B795-1286FABD8697}.Debug|Any CPU.ActiveCfg = Debug|Any CPU
		{A9D851A6-CA91-4F61-B795-1286FABD8697}.Debug|Any CPU.Build.0 = Debug|Any CPU
		{A9D851A6-CA91-4F61-B795-1286FABD8697}.Release|Any CPU.ActiveCfg = Release|Any CPU
		{A9D851A6-CA91-4F61-B795-1286FABD8697}.Release|Any CPU.Build.0 = Release|Any CPU
	EndGlobalSection
	GlobalSection(SolutionProperties) = preSolution
		HideSolutionNode = FALSE
	EndGlobalSection
	GlobalSection(ExtensibilityGlobals) = postSolution
		SolutionGuid = {CBB01F96-83BA-4CBA-B405-141E696F6F86}
	EndGlobalSection
EndGlobal
