
Microsoft Visual Studio Solution File, Format Version 12.00
# Visual Studio Version 16
VisualStudioVersion = 16.0.30611.23
MinimumVisualStudioVersion = 10.0.40219.1
Project("{FAE04EC0-301F-11D3-BF4B-00C04F79EFBC}") = "Codeforce1433", "Codeforce1433\Codeforce1433.csproj", "{04896FA3-6797-4DE3-9E4B-5571FA6D78BD}"
EndProject
Global
	GlobalSection(SolutionConfigurationPlatforms) = preSolution
		Debug|Any CPU = Debug|Any CPU
		Release|Any CPU = Release|Any CPU
	EndGlobalSection
	GlobalSection(ProjectConfigurationPlatforms) = postSolution
		{04896FA3-6797-4DE3-9E4B-5571FA6D78BD}.Debug|Any CPU.ActiveCfg = Debug|Any CPU
		{04896FA3-6797-4DE3-9E4B-5571FA6D78BD}.Debug|Any CPU.Build.0 = Debug|Any CPU
		{04896FA3-6797-4DE3-9E4B-5571FA6D78BD}.Release|Any CPU.ActiveCfg = Release|Any CPU
		{04896FA3-6797-4DE3-9E4B-5571FA6D78BD}.Release|Any CPU.Build.0 = Release|Any CPU
	EndGlobalSection
	GlobalSection(SolutionProperties) = preSolution
		HideSolutionNode = FALSE
	EndGlobalSection
	GlobalSection(ExtensibilityGlobals) = postSolution
		SolutionGuid = {278540E7-5E75-4A34-BD0B-80E0109EA4BD}
	EndGlobalSection
EndGlobal
