
Microsoft Visual Studio Solution File, Format Version 12.00
# Visual Studio Version 16
VisualStudioVersion = 16.0.30611.23
MinimumVisualStudioVersion = 10.0.40219.1
Project("{FAE04EC0-301F-11D3-BF4B-00C04F79EFBC}") = "ConsoleApp1", "ConsoleApp1\ConsoleApp1.csproj", "{DF148F90-89EF-4A95-8471-05FE467F66B2}"
EndProject
Global
	GlobalSection(SolutionConfigurationPlatforms) = preSolution
		Debug|Any CPU = Debug|Any CPU
		Release|Any CPU = Release|Any CPU
	EndGlobalSection
	GlobalSection(ProjectConfigurationPlatforms) = postSolution
		{DF148F90-89EF-4A95-8471-05FE467F66B2}.Debug|Any CPU.ActiveCfg = Debug|Any CPU
		{DF148F90-89EF-4A95-8471-05FE467F66B2}.Debug|Any CPU.Build.0 = Debug|Any CPU
		{DF148F90-89EF-4A95-8471-05FE467F66B2}.Release|Any CPU.ActiveCfg = Release|Any CPU
		{DF148F90-89EF-4A95-8471-05FE467F66B2}.Release|Any CPU.Build.0 = Release|Any CPU
	EndGlobalSection
	GlobalSection(SolutionProperties) = preSolution
		HideSolutionNode = FALSE
	EndGlobalSection
	GlobalSection(ExtensibilityGlobals) = postSolution
		SolutionGuid = {E86204B5-BC20-4702-9B37-FDC576A2DD6E}
	EndGlobalSection
EndGlobal
