
Microsoft Visual Studio Solution File, Format Version 12.00
# Visual Studio Version 16
VisualStudioVersion = 16.0.30611.23
MinimumVisualStudioVersion = 10.0.40219.1
Project("{FAE04EC0-301F-11D3-BF4B-00C04F79EFBC}") = "ADOnetexample", "ADOnetexample\ADOnetexample.csproj", "{A922B952-5A9F-4ACE-9DC2-8409325C6232}"
EndProject
Global
	GlobalSection(SolutionConfigurationPlatforms) = preSolution
		Debug|Any CPU = Debug|Any CPU
		Release|Any CPU = Release|Any CPU
	EndGlobalSection
	GlobalSection(ProjectConfigurationPlatforms) = postSolution
		{A922B952-5A9F-4ACE-9DC2-8409325C6232}.Debug|Any CPU.ActiveCfg = Debug|Any CPU
		{A922B952-5A9F-4ACE-9DC2-8409325C6232}.Debug|Any CPU.Build.0 = Debug|Any CPU
		{A922B952-5A9F-4ACE-9DC2-8409325C6232}.Release|Any CPU.ActiveCfg = Release|Any CPU
		{A922B952-5A9F-4ACE-9DC2-8409325C6232}.Release|Any CPU.Build.0 = Release|Any CPU
	EndGlobalSection
	GlobalSection(SolutionProperties) = preSolution
		HideSolutionNode = FALSE
	EndGlobalSection
	GlobalSection(ExtensibilityGlobals) = postSolution
		SolutionGuid = {98A185D0-5D2C-4370-9A59-66B827F7D5D2}
	EndGlobalSection
EndGlobal
